
Microsoft Visual Studio Solution File, Format Version 12.00
# Visual Studio Version 17
VisualStudioVersion = 17.5.33530.505
MinimumVisualStudioVersion = 10.0.40219.1
Project("{9A19103F-16F7-4668-BE54-9A1E7A4F7556}") = "SEN371-API-Integration", "SEN371-API-Integration.csproj", "{7EF93465-8C50-4144-A136-491323D8A114}"
EndProject
Global
	GlobalSection(SolutionConfigurationPlatforms) = preSolution
		Debug|Any CPU = Debug|Any CPU
		Release|Any CPU = Release|Any CPU
	EndGlobalSection
	GlobalSection(ProjectConfigurationPlatforms) = postSolution
		{7EF93465-8C50-4144-A136-491323D8A114}.Debug|Any CPU.ActiveCfg = Debug|Any CPU
		{7EF93465-8C50-4144-A136-491323D8A114}.Debug|Any CPU.Build.0 = Debug|Any CPU
		{7EF93465-8C50-4144-A136-491323D8A114}.Release|Any CPU.ActiveCfg = Release|Any CPU
		{7EF93465-8C50-4144-A136-491323D8A114}.Release|Any CPU.Build.0 = Release|Any CPU
	EndGlobalSection
	GlobalSection(SolutionProperties) = preSolution
		HideSolutionNode = FALSE
	EndGlobalSection
	GlobalSection(ExtensibilityGlobals) = postSolution
		SolutionGuid = {C9333F15-E2DE-45C0-A13F-6F4C33493A25}
	EndGlobalSection
EndGlobal
